
Microsoft Visual Studio Solution File, Format Version 12.00
# Visual Studio 15
VisualStudioVersion = 15.0.26124.0
MinimumVisualStudioVersion = 15.0.26124.0
Project("{FAE04EC0-301F-11D3-BF4B-00C04F79EFBC}") = "BlazorMart.Client", "BlazorMart.Client\BlazorMart.Client.csproj", "{3D26B38B-D4F6-40CD-882E-4B2569A60E3D}"
EndProject
Project("{FAE04EC0-301F-11D3-BF4B-00C04F79EFBC}") = "BlazorMart.Server", "BlazorMart.Server\BlazorMart.Server.csproj", "{73ED8B78-1711-4D24-A133-CBF6A7A067D7}"
EndProject
Global
	GlobalSection(SolutionConfigurationPlatforms) = preSolution
		Debug|Any CPU = Debug|Any CPU
		Debug|x64 = Debug|x64
		Debug|x86 = Debug|x86
		Release|Any CPU = Release|Any CPU
		Release|x64 = Release|x64
		Release|x86 = Release|x86
	EndGlobalSection
	GlobalSection(SolutionProperties) = preSolution
		HideSolutionNode = FALSE
	EndGlobalSection
	GlobalSection(ProjectConfigurationPlatforms) = postSolution
		{3D26B38B-D4F6-40CD-882E-4B2569A60E3D}.Debug|Any CPU.ActiveCfg = Debug|Any CPU
		{3D26B38B-D4F6-40CD-882E-4B2569A60E3D}.Debug|Any CPU.Build.0 = Debug|Any CPU
		{3D26B38B-D4F6-40CD-882E-4B2569A60E3D}.Debug|x64.ActiveCfg = Debug|Any CPU
		{3D26B38B-D4F6-40CD-882E-4B2569A60E3D}.Debug|x64.Build.0 = Debug|Any CPU
		{3D26B38B-D4F6-40CD-882E-4B2569A60E3D}.Debug|x86.ActiveCfg = Debug|Any CPU
		{3D26B38B-D4F6-40CD-882E-4B2569A60E3D}.Debug|x86.Build.0 = Debug|Any CPU
		{3D26B38B-D4F6-40CD-882E-4B2569A60E3D}.Release|Any CPU.ActiveCfg = Release|Any CPU
		{3D26B38B-D4F6-40CD-882E-4B2569A60E3D}.Release|Any CPU.Build.0 = Release|Any CPU
		{3D26B38B-D4F6-40CD-882E-4B2569A60E3D}.Release|x64.ActiveCfg = Release|Any CPU
		{3D26B38B-D4F6-40CD-882E-4B2569A60E3D}.Release|x64.Build.0 = Release|Any CPU
		{3D26B38B-D4F6-40CD-882E-4B2569A60E3D}.Release|x86.ActiveCfg = Release|Any CPU
		{3D26B38B-D4F6-40CD-882E-4B2569A60E3D}.Release|x86.Build.0 = Release|Any CPU
		{4FF761E9-A212-41DD-AF0F-5D206860FA61}.Debug|Any CPU.ActiveCfg = Debug|Any CPU
		{4FF761E9-A212-41DD-AF0F-5D206860FA61}.Debug|Any CPU.Build.0 = Debug|Any CPU
		{4FF761E9-A212-41DD-AF0F-5D206860FA61}.Debug|x64.ActiveCfg = Debug|Any CPU
		{4FF761E9-A212-41DD-AF0F-5D206860FA61}.Debug|x64.Build.0 = Debug|Any CPU
		{4FF761E9-A212-41DD-AF0F-5D206860FA61}.Debug|x86.ActiveCfg = Debug|Any CPU
		{4FF761E9-A212-41DD-AF0F-5D206860FA61}.Debug|x86.Build.0 = Debug|Any CPU
		{4FF761E9-A212-41DD-AF0F-5D206860FA61}.Release|Any CPU.ActiveCfg = Release|Any CPU
		{4FF761E9-A212-41DD-AF0F-5D206860FA61}.Release|Any CPU.Build.0 = Release|Any CPU
		{4FF761E9-A212-41DD-AF0F-5D206860FA61}.Release|x64.ActiveCfg = Release|Any CPU
		{4FF761E9-A212-41DD-AF0F-5D206860FA61}.Release|x64.Build.0 = Release|Any CPU
		{4FF761E9-A212-41DD-AF0F-5D206860FA61}.Release|x86.ActiveCfg = Release|Any CPU
		{4FF761E9-A212-41DD-AF0F-5D206860FA61}.Release|x86.Build.0 = Release|Any CPU
		{73ED8B78-1711-4D24-A133-CBF6A7A067D7}.Debug|Any CPU.ActiveCfg = Debug|Any CPU
		{73ED8B78-1711-4D24-A133-CBF6A7A067D7}.Debug|Any CPU.Build.0 = Debug|Any CPU
		{73ED8B78-1711-4D24-A133-CBF6A7A067D7}.Debug|x64.ActiveCfg = Debug|Any CPU
		{73ED8B78-1711-4D24-A133-CBF6A7A067D7}.Debug|x64.Build.0 = Debug|Any CPU
		{73ED8B78-1711-4D24-A133-CBF6A7A067D7}.Debug|x86.ActiveCfg = Debug|Any CPU
		{73ED8B78-1711-4D24-A133-CBF6A7A067D7}.Debug|x86.Build.0 = Debug|Any CPU
		{73ED8B78-1711-4D24-A133-CBF6A7A067D7}.Release|Any CPU.ActiveCfg = Release|Any CPU
		{73ED8B78-1711-4D24-A133-CBF6A7A067D7}.Release|Any CPU.Build.0 = Release|Any CPU
		{73ED8B78-1711-4D24-A133-CBF6A7A067D7}.Release|x64.ActiveCfg = Release|Any CPU
		{73ED8B78-1711-4D24-A133-CBF6A7A067D7}.Release|x64.Build.0 = Release|Any CPU
		{73ED8B78-1711-4D24-A133-CBF6A7A067D7}.Release|x86.ActiveCfg = Release|Any CPU
		{73ED8B78-1711-4D24-A133-CBF6A7A067D7}.Release|x86.Build.0 = Release|Any CPU
	EndGlobalSection
EndGlobal
